// !$*UTF8*$!
{
	archiveVersion = 1;
	classes = {
	};
	objectVersion = 56;
	objects = {

/* Begin PBXBuildFile section */
		780FDF622C3EA66700007148 /* SettingsView.swift in Sources */ = {isa = PBXBuildFile; fileRef = 780FDF612C3EA66700007148 /* SettingsView.swift */; };
		780FDF642C3EA96B00007148 /* ViewTab.swift in Sources */ = {isa = PBXBuildFile; fileRef = 780FDF632C3EA96B00007148 /* ViewTab.swift */; };
		780FDF692C3EBAF600007148 /* FlightsView.swift in Sources */ = {isa = PBXBuildFile; fileRef = 780FDF682C3EBAF600007148 /* FlightsView.swift */; };
		780FDF6C2C3EBCB300007148 /* SearchView.swift in Sources */ = {isa = PBXBuildFile; fileRef = 780FDF6B2C3EBCB300007148 /* SearchView.swift */; };
		781C7A952C32DE4300D2A2FA /* LoginView.swift in Sources */ = {isa = PBXBuildFile; fileRef = 781C7A942C32DE4300D2A2FA /* LoginView.swift */; };
		781C7A972C32DE7E00D2A2FA /* RegistrationView.swift in Sources */ = {isa = PBXBuildFile; fileRef = 781C7A962C32DE7E00D2A2FA /* RegistrationView.swift */; };
		781C7AA52C354C5D00D2A2FA /* Payloads.swift in Sources */ = {isa = PBXBuildFile; fileRef = 781C7AA42C354C5D00D2A2FA /* Payloads.swift */; };
		781C7AA72C354CA400D2A2FA /* Models.swift in Sources */ = {isa = PBXBuildFile; fileRef = 781C7AA62C354CA400D2A2FA /* Models.swift */; };
		781C7AA92C35522600D2A2FA /* ApiService.swift in Sources */ = {isa = PBXBuildFile; fileRef = 781C7AA82C35522600D2A2FA /* ApiService.swift */; };
		781C7AAB2C35926100D2A2FA /* Enums.swift in Sources */ = {isa = PBXBuildFile; fileRef = 781C7AAA2C35926100D2A2FA /* Enums.swift */; };
		781C7AAE2C36999B00D2A2FA /* UserState.swift in Sources */ = {isa = PBXBuildFile; fileRef = 781C7AAD2C36999B00D2A2FA /* UserState.swift */; };
		781C7AB12C36A9ED00D2A2FA /* SplashScreen.swift in Sources */ = {isa = PBXBuildFile; fileRef = 781C7AB02C36A9ED00D2A2FA /* SplashScreen.swift */; };
		781C7AB42C36BDFB00D2A2FA /* StringValidators.swift in Sources */ = {isa = PBXBuildFile; fileRef = 781C7AB32C36BDFB00D2A2FA /* StringValidators.swift */; };
		781C7ABC2C3840A600D2A2FA /* DashboardView.swift in Sources */ = {isa = PBXBuildFile; fileRef = 781C7ABB2C3840A600D2A2FA /* DashboardView.swift */; };
		781C7ABF2C3BE69C00D2A2FA /* ViewStyling.swift in Sources */ = {isa = PBXBuildFile; fileRef = 781C7ABE2C3BE69C00D2A2FA /* ViewStyling.swift */; };
		781EA07E2C48142D00478463 /* Assets.xcassets in Resources */ = {isa = PBXBuildFile; fileRef = 78EF0F572C0DEE9900B05BFB /* Assets.xcassets */; };
		781EA0802C48144100478463 /* Preview Assets.xcassets in Resources */ = {isa = PBXBuildFile; fileRef = 78EF0F5A2C0DEE9900B05BFB /* Preview Assets.xcassets */; };
		781EA0812C48146F00478463 /* Localizable.xcstrings in Resources */ = {isa = PBXBuildFile; fileRef = 780FDF662C3EB33300007148 /* Localizable.xcstrings */; };
		781EA0822C48150A00478463 /* Manrope-Bold.ttf in Resources */ = {isa = PBXBuildFile; fileRef = 780FDF562C3D572300007148 /* Manrope-Bold.ttf */; };
		781EA0832C48150A00478463 /* Manrope-ExtraBold.ttf in Resources */ = {isa = PBXBuildFile; fileRef = 780FDF5B2C3D572300007148 /* Manrope-ExtraBold.ttf */; };
		781EA0842C48150A00478463 /* Manrope-ExtraLight.ttf in Resources */ = {isa = PBXBuildFile; fileRef = 780FDF582C3D572300007148 /* Manrope-ExtraLight.ttf */; };
		781EA0852C48150A00478463 /* Manrope-Light.ttf in Resources */ = {isa = PBXBuildFile; fileRef = 780FDF572C3D572300007148 /* Manrope-Light.ttf */; };
		781EA0862C48150A00478463 /* Manrope-Medium.ttf in Resources */ = {isa = PBXBuildFile; fileRef = 780FDF5C2C3D572300007148 /* Manrope-Medium.ttf */; };
		781EA0872C48150A00478463 /* Manrope-Regular.ttf in Resources */ = {isa = PBXBuildFile; fileRef = 780FDF592C3D572300007148 /* Manrope-Regular.ttf */; };
		781EA0882C48150A00478463 /* Manrope-SemiBold.ttf in Resources */ = {isa = PBXBuildFile; fileRef = 780FDF5A2C3D572300007148 /* Manrope-SemiBold.ttf */; };
		784492192C3EEA3F00C7F069 /* FRButton.swift in Sources */ = {isa = PBXBuildFile; fileRef = 784492182C3EEA3F00C7F069 /* FRButton.swift */; };
		788CE9462C3FF42D00F93B07 /* DoubleTextView.swift in Sources */ = {isa = PBXBuildFile; fileRef = 788CE9452C3FF42D00F93B07 /* DoubleTextView.swift */; };
		788CE9482C3FFCBE00F93B07 /* TravelIndicatorView.swift in Sources */ = {isa = PBXBuildFile; fileRef = 788CE9472C3FFCBE00F93B07 /* TravelIndicatorView.swift */; };
		788CE94A2C3FFD8600F93B07 /* TagView.swift in Sources */ = {isa = PBXBuildFile; fileRef = 788CE9492C3FFD8600F93B07 /* TagView.swift */; };
		788CE94C2C40067700F93B07 /* TextIconView.swift in Sources */ = {isa = PBXBuildFile; fileRef = 788CE94B2C40067700F93B07 /* TextIconView.swift */; };
		788CE94E2C400AF800F93B07 /* FRDivider.swift in Sources */ = {isa = PBXBuildFile; fileRef = 788CE94D2C400AF800F93B07 /* FRDivider.swift */; };
		788CE9502C4012BA00F93B07 /* FlightCard.swift in Sources */ = {isa = PBXBuildFile; fileRef = 788CE94F2C4012BA00F93B07 /* FlightCard.swift */; };
		788CE9522C401F3800F93B07 /* ErrorView.swift in Sources */ = {isa = PBXBuildFile; fileRef = 788CE9512C401F3800F93B07 /* ErrorView.swift */; };
		78DD2FF92C3ECA7800583333 /* RoundedCornerView.swift in Sources */ = {isa = PBXBuildFile; fileRef = 78DD2FF82C3ECA7800583333 /* RoundedCornerView.swift */; };
		78DD2FFB2C3ECB2600583333 /* DropDownView.swift in Sources */ = {isa = PBXBuildFile; fileRef = 78DD2FFA2C3ECB2600583333 /* DropDownView.swift */; };
		78E33A6A2C466F3C00150F48 /* KeychainSwift in Frameworks */ = {isa = PBXBuildFile; productRef = 78E33A692C466F3C00150F48 /* KeychainSwift */; };
		78EF0F542C0DEE9800B05BFB /* FlightRadarApp.swift in Sources */ = {isa = PBXBuildFile; fileRef = 78EF0F532C0DEE9800B05BFB /* FlightRadarApp.swift */; };
		78EF0F562C0DEE9800B05BFB /* ContentView.swift in Sources */ = {isa = PBXBuildFile; fileRef = 78EF0F552C0DEE9800B05BFB /* ContentView.swift */; };
		78EF0F652C0DEE9900B05BFB /* FlightRadarTests.swift in Sources */ = {isa = PBXBuildFile; fileRef = 78EF0F642C0DEE9900B05BFB /* FlightRadarTests.swift */; };
		78EF0F6F2C0DEE9900B05BFB /* FlightRadarUITests.swift in Sources */ = {isa = PBXBuildFile; fileRef = 78EF0F6E2C0DEE9900B05BFB /* FlightRadarUITests.swift */; };
		78EF0F712C0DEE9900B05BFB /* FlightRadarUITestsLaunchTests.swift in Sources */ = {isa = PBXBuildFile; fileRef = 78EF0F702C0DEE9900B05BFB /* FlightRadarUITestsLaunchTests.swift */; };
/* End PBXBuildFile section */

/* Begin PBXContainerItemProxy section */
		78EF0F612C0DEE9900B05BFB /* PBXContainerItemProxy */ = {
			isa = PBXContainerItemProxy;
			containerPortal = 78EF0F482C0DEE9800B05BFB /* Project object */;
			proxyType = 1;
			remoteGlobalIDString = 78EF0F4F2C0DEE9800B05BFB;
			remoteInfo = FlightRadar;
		};
		78EF0F6B2C0DEE9900B05BFB /* PBXContainerItemProxy */ = {
			isa = PBXContainerItemProxy;
			containerPortal = 78EF0F482C0DEE9800B05BFB /* Project object */;
			proxyType = 1;
			remoteGlobalIDString = 78EF0F4F2C0DEE9800B05BFB;
			remoteInfo = FlightRadar;
		};
/* End PBXContainerItemProxy section */

/* Begin PBXFileReference section */
		780FDF562C3D572300007148 /* Manrope-Bold.ttf */ = {isa = PBXFileReference; lastKnownFileType = file; path = "Manrope-Bold.ttf"; sourceTree = "<group>"; };
		780FDF572C3D572300007148 /* Manrope-Light.ttf */ = {isa = PBXFileReference; lastKnownFileType = file; path = "Manrope-Light.ttf"; sourceTree = "<group>"; };
		780FDF582C3D572300007148 /* Manrope-ExtraLight.ttf */ = {isa = PBXFileReference; lastKnownFileType = file; path = "Manrope-ExtraLight.ttf"; sourceTree = "<group>"; };
		780FDF592C3D572300007148 /* Manrope-Regular.ttf */ = {isa = PBXFileReference; lastKnownFileType = file; path = "Manrope-Regular.ttf"; sourceTree = "<group>"; };
		780FDF5A2C3D572300007148 /* Manrope-SemiBold.ttf */ = {isa = PBXFileReference; lastKnownFileType = file; path = "Manrope-SemiBold.ttf"; sourceTree = "<group>"; };
		780FDF5B2C3D572300007148 /* Manrope-ExtraBold.ttf */ = {isa = PBXFileReference; lastKnownFileType = file; path = "Manrope-ExtraBold.ttf"; sourceTree = "<group>"; };
		780FDF5C2C3D572300007148 /* Manrope-Medium.ttf */ = {isa = PBXFileReference; lastKnownFileType = file; path = "Manrope-Medium.ttf"; sourceTree = "<group>"; };
		780FDF612C3EA66700007148 /* SettingsView.swift */ = {isa = PBXFileReference; lastKnownFileType = sourcecode.swift; path = SettingsView.swift; sourceTree = "<group>"; };
		780FDF632C3EA96B00007148 /* ViewTab.swift */ = {isa = PBXFileReference; lastKnownFileType = sourcecode.swift; path = ViewTab.swift; sourceTree = "<group>"; };
		780FDF662C3EB33300007148 /* Localizable.xcstrings */ = {isa = PBXFileReference; lastKnownFileType = text.json.xcstrings; path = Localizable.xcstrings; sourceTree = "<group>"; };
		780FDF682C3EBAF600007148 /* FlightsView.swift */ = {isa = PBXFileReference; lastKnownFileType = sourcecode.swift; path = FlightsView.swift; sourceTree = "<group>"; };
		780FDF6B2C3EBCB300007148 /* SearchView.swift */ = {isa = PBXFileReference; lastKnownFileType = sourcecode.swift; path = SearchView.swift; sourceTree = "<group>"; };
		78112FAA2C48194A00C50484 /* Info.plist */ = {isa = PBXFileReference; lastKnownFileType = text.plist.xml; path = Info.plist; sourceTree = "<group>"; };
		781C7A942C32DE4300D2A2FA /* LoginView.swift */ = {isa = PBXFileReference; lastKnownFileType = sourcecode.swift; path = LoginView.swift; sourceTree = "<group>"; };
		781C7A962C32DE7E00D2A2FA /* RegistrationView.swift */ = {isa = PBXFileReference; lastKnownFileType = sourcecode.swift; path = RegistrationView.swift; sourceTree = "<group>"; };
		781C7AA42C354C5D00D2A2FA /* Payloads.swift */ = {isa = PBXFileReference; lastKnownFileType = sourcecode.swift; path = Payloads.swift; sourceTree = "<group>"; };
		781C7AA62C354CA400D2A2FA /* Models.swift */ = {isa = PBXFileReference; lastKnownFileType = sourcecode.swift; path = Models.swift; sourceTree = "<group>"; };
		781C7AA82C35522600D2A2FA /* ApiService.swift */ = {isa = PBXFileReference; lastKnownFileType = sourcecode.swift; path = ApiService.swift; sourceTree = "<group>"; };
		781C7AAA2C35926100D2A2FA /* Enums.swift */ = {isa = PBXFileReference; lastKnownFileType = sourcecode.swift; path = Enums.swift; sourceTree = "<group>"; };
		781C7AAD2C36999B00D2A2FA /* UserState.swift */ = {isa = PBXFileReference; lastKnownFileType = sourcecode.swift; path = UserState.swift; sourceTree = "<group>"; };
		781C7AB02C36A9ED00D2A2FA /* SplashScreen.swift */ = {isa = PBXFileReference; lastKnownFileType = sourcecode.swift; path = SplashScreen.swift; sourceTree = "<group>"; };
		781C7AB32C36BDFB00D2A2FA /* StringValidators.swift */ = {isa = PBXFileReference; lastKnownFileType = sourcecode.swift; path = StringValidators.swift; sourceTree = "<group>"; };
		781C7ABB2C3840A600D2A2FA /* DashboardView.swift */ = {isa = PBXFileReference; lastKnownFileType = sourcecode.swift; path = DashboardView.swift; sourceTree = "<group>"; };
		781C7ABE2C3BE69C00D2A2FA /* ViewStyling.swift */ = {isa = PBXFileReference; lastKnownFileType = sourcecode.swift; path = ViewStyling.swift; sourceTree = "<group>"; };
		784492182C3EEA3F00C7F069 /* FRButton.swift */ = {isa = PBXFileReference; lastKnownFileType = sourcecode.swift; path = FRButton.swift; sourceTree = "<group>"; };
		788CE9452C3FF42D00F93B07 /* DoubleTextView.swift */ = {isa = PBXFileReference; lastKnownFileType = sourcecode.swift; path = DoubleTextView.swift; sourceTree = "<group>"; };
		788CE9472C3FFCBE00F93B07 /* TravelIndicatorView.swift */ = {isa = PBXFileReference; lastKnownFileType = sourcecode.swift; path = TravelIndicatorView.swift; sourceTree = "<group>"; };
		788CE9492C3FFD8600F93B07 /* TagView.swift */ = {isa = PBXFileReference; lastKnownFileType = sourcecode.swift; path = TagView.swift; sourceTree = "<group>"; };
		788CE94B2C40067700F93B07 /* TextIconView.swift */ = {isa = PBXFileReference; lastKnownFileType = sourcecode.swift; path = TextIconView.swift; sourceTree = "<group>"; };
		788CE94D2C400AF800F93B07 /* FRDivider.swift */ = {isa = PBXFileReference; lastKnownFileType = sourcecode.swift; path = FRDivider.swift; sourceTree = "<group>"; };
		788CE94F2C4012BA00F93B07 /* FlightCard.swift */ = {isa = PBXFileReference; lastKnownFileType = sourcecode.swift; path = FlightCard.swift; sourceTree = "<group>"; };
		788CE9512C401F3800F93B07 /* ErrorView.swift */ = {isa = PBXFileReference; lastKnownFileType = sourcecode.swift; path = ErrorView.swift; sourceTree = "<group>"; };
		78DD2FF82C3ECA7800583333 /* RoundedCornerView.swift */ = {isa = PBXFileReference; lastKnownFileType = sourcecode.swift; path = RoundedCornerView.swift; sourceTree = "<group>"; };
		78DD2FFA2C3ECB2600583333 /* DropDownView.swift */ = {isa = PBXFileReference; lastKnownFileType = sourcecode.swift; path = DropDownView.swift; sourceTree = "<group>"; };
		78EF0F502C0DEE9800B05BFB /* FlightRadar.app */ = {isa = PBXFileReference; explicitFileType = wrapper.application; includeInIndex = 0; path = FlightRadar.app; sourceTree = BUILT_PRODUCTS_DIR; };
		78EF0F532C0DEE9800B05BFB /* FlightRadarApp.swift */ = {isa = PBXFileReference; lastKnownFileType = sourcecode.swift; path = FlightRadarApp.swift; sourceTree = "<group>"; };
		78EF0F552C0DEE9800B05BFB /* ContentView.swift */ = {isa = PBXFileReference; lastKnownFileType = sourcecode.swift; path = ContentView.swift; sourceTree = "<group>"; };
		78EF0F572C0DEE9900B05BFB /* Assets.xcassets */ = {isa = PBXFileReference; lastKnownFileType = folder.assetcatalog; path = Assets.xcassets; sourceTree = "<group>"; };
		78EF0F5A2C0DEE9900B05BFB /* Preview Assets.xcassets */ = {isa = PBXFileReference; lastKnownFileType = folder.assetcatalog; path = "Preview Assets.xcassets"; sourceTree = "<group>"; };
		78EF0F602C0DEE9900B05BFB /* FlightRadarTests.xctest */ = {isa = PBXFileReference; explicitFileType = wrapper.cfbundle; includeInIndex = 0; path = FlightRadarTests.xctest; sourceTree = BUILT_PRODUCTS_DIR; };
		78EF0F642C0DEE9900B05BFB /* FlightRadarTests.swift */ = {isa = PBXFileReference; lastKnownFileType = sourcecode.swift; path = FlightRadarTests.swift; sourceTree = "<group>"; };
		78EF0F6A2C0DEE9900B05BFB /* FlightRadarUITests.xctest */ = {isa = PBXFileReference; explicitFileType = wrapper.cfbundle; includeInIndex = 0; path = FlightRadarUITests.xctest; sourceTree = BUILT_PRODUCTS_DIR; };
		78EF0F6E2C0DEE9900B05BFB /* FlightRadarUITests.swift */ = {isa = PBXFileReference; lastKnownFileType = sourcecode.swift; path = FlightRadarUITests.swift; sourceTree = "<group>"; };
		78EF0F702C0DEE9900B05BFB /* FlightRadarUITestsLaunchTests.swift */ = {isa = PBXFileReference; lastKnownFileType = sourcecode.swift; path = FlightRadarUITestsLaunchTests.swift; sourceTree = "<group>"; };
/* End PBXFileReference section */

/* Begin PBXFrameworksBuildPhase section */
		78EF0F4D2C0DEE9800B05BFB /* Frameworks */ = {
			isa = PBXFrameworksBuildPhase;
			buildActionMask = 2147483647;
			files = (
				78E33A6A2C466F3C00150F48 /* KeychainSwift in Frameworks */,
			);
			runOnlyForDeploymentPostprocessing = 0;
		};
		78EF0F5D2C0DEE9900B05BFB /* Frameworks */ = {
			isa = PBXFrameworksBuildPhase;
			buildActionMask = 2147483647;
			files = (
			);
			runOnlyForDeploymentPostprocessing = 0;
		};
		78EF0F672C0DEE9900B05BFB /* Frameworks */ = {
			isa = PBXFrameworksBuildPhase;
			buildActionMask = 2147483647;
			files = (
			);
			runOnlyForDeploymentPostprocessing = 0;
		};
/* End PBXFrameworksBuildPhase section */

/* Begin PBXGroup section */
		780FDF552C3D571200007148 /* Manrope */ = {
			isa = PBXGroup;
			children = (
				780FDF562C3D572300007148 /* Manrope-Bold.ttf */,
				780FDF5B2C3D572300007148 /* Manrope-ExtraBold.ttf */,
				780FDF582C3D572300007148 /* Manrope-ExtraLight.ttf */,
				780FDF572C3D572300007148 /* Manrope-Light.ttf */,
				780FDF5C2C3D572300007148 /* Manrope-Medium.ttf */,
				780FDF592C3D572300007148 /* Manrope-Regular.ttf */,
				780FDF5A2C3D572300007148 /* Manrope-SemiBold.ttf */,
			);
			path = Manrope;
			sourceTree = "<group>";
		};
		780FDF652C3EB31500007148 /* Localization */ = {
			isa = PBXGroup;
			children = (
				780FDF662C3EB33300007148 /* Localizable.xcstrings */,
			);
			path = Localization;
			sourceTree = "<group>";
		};
		780FDF6A2C3EBC9900007148 /* Components */ = {
			isa = PBXGroup;
			children = (
				780FDF6B2C3EBCB300007148 /* SearchView.swift */,
				78DD2FF82C3ECA7800583333 /* RoundedCornerView.swift */,
				78DD2FFA2C3ECB2600583333 /* DropDownView.swift */,
				784492182C3EEA3F00C7F069 /* FRButton.swift */,
				788CE9452C3FF42D00F93B07 /* DoubleTextView.swift */,
				788CE9472C3FFCBE00F93B07 /* TravelIndicatorView.swift */,
				788CE9492C3FFD8600F93B07 /* TagView.swift */,
				788CE94B2C40067700F93B07 /* TextIconView.swift */,
				788CE94D2C400AF800F93B07 /* FRDivider.swift */,
				788CE94F2C4012BA00F93B07 /* FlightCard.swift */,
				788CE9512C401F3800F93B07 /* ErrorView.swift */,
			);
			path = Components;
			sourceTree = "<group>";
		};
		781C7A922C32DDEE00D2A2FA /* Views */ = {
			isa = PBXGroup;
			children = (
				781C7ABA2C38406600D2A2FA /* Dashboard */,
				781C7A932C32DE2300D2A2FA /* Auth */,
				781C7AB02C36A9ED00D2A2FA /* SplashScreen.swift */,
				78EF0F552C0DEE9800B05BFB /* ContentView.swift */,
			);
			path = Views;
			sourceTree = "<group>";
		};
		781C7A932C32DE2300D2A2FA /* Auth */ = {
			isa = PBXGroup;
			children = (
				781C7A942C32DE4300D2A2FA /* LoginView.swift */,
				781C7A962C32DE7E00D2A2FA /* RegistrationView.swift */,
			);
			path = Auth;
			sourceTree = "<group>";
		};
		781C7AA32C354C4400D2A2FA /* Data */ = {
			isa = PBXGroup;
			children = (
				781C7AA42C354C5D00D2A2FA /* Payloads.swift */,
				781C7AA62C354CA400D2A2FA /* Models.swift */,
				781C7AAA2C35926100D2A2FA /* Enums.swift */,
			);
			path = Data;
			sourceTree = "<group>";
		};
		781C7AAC2C36998300D2A2FA /* State */ = {
			isa = PBXGroup;
			children = (
				781C7AAD2C36999B00D2A2FA /* UserState.swift */,
			);
			path = State;
			sourceTree = "<group>";
		};
		781C7ABA2C38406600D2A2FA /* Dashboard */ = {
			isa = PBXGroup;
			children = (
				781C7ABB2C3840A600D2A2FA /* DashboardView.swift */,
				780FDF612C3EA66700007148 /* SettingsView.swift */,
				780FDF682C3EBAF600007148 /* FlightsView.swift */,
			);
			path = Dashboard;
			sourceTree = "<group>";
		};
		781C7ABD2C3BE65D00D2A2FA /* Extensions */ = {
			isa = PBXGroup;
			children = (
				781C7AB32C36BDFB00D2A2FA /* StringValidators.swift */,
				781C7ABE2C3BE69C00D2A2FA /* ViewStyling.swift */,
				780FDF632C3EA96B00007148 /* ViewTab.swift */,
			);
			path = Extensions;
			sourceTree = "<group>";
		};
		781C7AC32C3C13B100D2A2FA /* Services */ = {
			isa = PBXGroup;
			children = (
				781C7AA82C35522600D2A2FA /* ApiService.swift */,
			);
			path = Services;
			sourceTree = "<group>";
		};
		781C7AC42C3D4DC000D2A2FA /* Fonts */ = {
			isa = PBXGroup;
			children = (
				780FDF552C3D571200007148 /* Manrope */,
			);
			name = Fonts;
			path = ../Fonts;
			sourceTree = "<group>";
		};
		78EF0F472C0DEE9800B05BFB = {
			isa = PBXGroup;
			children = (
				78EF0F522C0DEE9800B05BFB /* FlightRadar */,
				78EF0F632C0DEE9900B05BFB /* FlightRadarTests */,
				78EF0F6D2C0DEE9900B05BFB /* FlightRadarUITests */,
				78EF0F512C0DEE9800B05BFB /* Products */,
			);
			sourceTree = "<group>";
		};
		78EF0F512C0DEE9800B05BFB /* Products */ = {
			isa = PBXGroup;
			children = (
				78EF0F502C0DEE9800B05BFB /* FlightRadar.app */,
				78EF0F602C0DEE9900B05BFB /* FlightRadarTests.xctest */,
				78EF0F6A2C0DEE9900B05BFB /* FlightRadarUITests.xctest */,
			);
			name = Products;
			sourceTree = "<group>";
		};
		78EF0F522C0DEE9800B05BFB /* FlightRadar */ = {
			isa = PBXGroup;
			children = (
				78112FAA2C48194A00C50484 /* Info.plist */,
				780FDF6A2C3EBC9900007148 /* Components */,
				780FDF652C3EB31500007148 /* Localization */,
				781C7AC42C3D4DC000D2A2FA /* Fonts */,
				781C7ABD2C3BE65D00D2A2FA /* Extensions */,
				781C7AC32C3C13B100D2A2FA /* Services */,
				781C7AAC2C36998300D2A2FA /* State */,
				781C7AA32C354C4400D2A2FA /* Data */,
				781C7A922C32DDEE00D2A2FA /* Views */,
				78EF0F532C0DEE9800B05BFB /* FlightRadarApp.swift */,
				78EF0F572C0DEE9900B05BFB /* Assets.xcassets */,
				78EF0F592C0DEE9900B05BFB /* Preview Content */,
			);
			path = FlightRadar;
			sourceTree = "<group>";
		};
		78EF0F592C0DEE9900B05BFB /* Preview Content */ = {
			isa = PBXGroup;
			children = (
				78EF0F5A2C0DEE9900B05BFB /* Preview Assets.xcassets */,
			);
			path = "Preview Content";
			sourceTree = "<group>";
		};
		78EF0F632C0DEE9900B05BFB /* FlightRadarTests */ = {
			isa = PBXGroup;
			children = (
				78EF0F642C0DEE9900B05BFB /* FlightRadarTests.swift */,
			);
			path = FlightRadarTests;
			sourceTree = "<group>";
		};
		78EF0F6D2C0DEE9900B05BFB /* FlightRadarUITests */ = {
			isa = PBXGroup;
			children = (
				78EF0F6E2C0DEE9900B05BFB /* FlightRadarUITests.swift */,
				78EF0F702C0DEE9900B05BFB /* FlightRadarUITestsLaunchTests.swift */,
			);
			path = FlightRadarUITests;
			sourceTree = "<group>";
		};
/* End PBXGroup section */

/* Begin PBXNativeTarget section */
		78EF0F4F2C0DEE9800B05BFB /* FlightRadar */ = {
			isa = PBXNativeTarget;
			buildConfigurationList = 78EF0F742C0DEE9900B05BFB /* Build configuration list for PBXNativeTarget "FlightRadar" */;
			buildPhases = (
				78EF0F4C2C0DEE9800B05BFB /* Sources */,
				78EF0F4D2C0DEE9800B05BFB /* Frameworks */,
				781EA07D2C48142000478463 /* Resources */,
			);
			buildRules = (
			);
			dependencies = (
			);
			name = FlightRadar;
			packageProductDependencies = (
				78E33A692C466F3C00150F48 /* KeychainSwift */,
			);
			productName = FlightRadar;
			productReference = 78EF0F502C0DEE9800B05BFB /* FlightRadar.app */;
			productType = "com.apple.product-type.application";
		};
		78EF0F5F2C0DEE9900B05BFB /* FlightRadarTests */ = {
			isa = PBXNativeTarget;
			buildConfigurationList = 78EF0F772C0DEE9900B05BFB /* Build configuration list for PBXNativeTarget "FlightRadarTests" */;
			buildPhases = (
				78EF0F5C2C0DEE9900B05BFB /* Sources */,
				78EF0F5D2C0DEE9900B05BFB /* Frameworks */,
				78EF0F5E2C0DEE9900B05BFB /* Resources */,
			);
			buildRules = (
			);
			dependencies = (
				78EF0F622C0DEE9900B05BFB /* PBXTargetDependency */,
			);
			name = FlightRadarTests;
			productName = FlightRadarTests;
			productReference = 78EF0F602C0DEE9900B05BFB /* FlightRadarTests.xctest */;
			productType = "com.apple.product-type.bundle.unit-test";
		};
		78EF0F692C0DEE9900B05BFB /* FlightRadarUITests */ = {
			isa = PBXNativeTarget;
			buildConfigurationList = 78EF0F7A2C0DEE9900B05BFB /* Build configuration list for PBXNativeTarget "FlightRadarUITests" */;
			buildPhases = (
				78EF0F662C0DEE9900B05BFB /* Sources */,
				78EF0F672C0DEE9900B05BFB /* Frameworks */,
				78EF0F682C0DEE9900B05BFB /* Resources */,
			);
			buildRules = (
			);
			dependencies = (
				78EF0F6C2C0DEE9900B05BFB /* PBXTargetDependency */,
			);
			name = FlightRadarUITests;
			productName = FlightRadarUITests;
			productReference = 78EF0F6A2C0DEE9900B05BFB /* FlightRadarUITests.xctest */;
			productType = "com.apple.product-type.bundle.ui-testing";
		};
/* End PBXNativeTarget section */

/* Begin PBXProject section */
		78EF0F482C0DEE9800B05BFB /* Project object */ = {
			isa = PBXProject;
			attributes = {
				BuildIndependentTargetsInParallel = 1;
				LastSwiftUpdateCheck = 1540;
				LastUpgradeCheck = 1540;
				TargetAttributes = {
					78EF0F4F2C0DEE9800B05BFB = {
						CreatedOnToolsVersion = 15.4;
					};
					78EF0F5F2C0DEE9900B05BFB = {
						CreatedOnToolsVersion = 15.4;
						TestTargetID = 78EF0F4F2C0DEE9800B05BFB;
					};
					78EF0F692C0DEE9900B05BFB = {
						CreatedOnToolsVersion = 15.4;
						TestTargetID = 78EF0F4F2C0DEE9800B05BFB;
					};
				};
			};
			buildConfigurationList = 78EF0F4B2C0DEE9800B05BFB /* Build configuration list for PBXProject "FlightRadar" */;
			compatibilityVersion = "Xcode 14.0";
			developmentRegion = en;
			hasScannedForEncodings = 0;
			knownRegions = (
				en,
				Base,
			);
			mainGroup = 78EF0F472C0DEE9800B05BFB;
			packageReferences = (
				781C7AB72C383C3900D2A2FA /* XCRemoteSwiftPackageReference "keychain-swift" */,
			);
			productRefGroup = 78EF0F512C0DEE9800B05BFB /* Products */;
			projectDirPath = "";
			projectRoot = "";
			targets = (
				78EF0F4F2C0DEE9800B05BFB /* FlightRadar */,
				78EF0F5F2C0DEE9900B05BFB /* FlightRadarTests */,
				78EF0F692C0DEE9900B05BFB /* FlightRadarUITests */,
			);
		};
/* End PBXProject section */

/* Begin PBXResourcesBuildPhase section */
		781EA07D2C48142000478463 /* Resources */ = {
			isa = PBXResourcesBuildPhase;
			buildActionMask = 2147483647;
			files = (
				781EA0822C48150A00478463 /* Manrope-Bold.ttf in Resources */,
				781EA0832C48150A00478463 /* Manrope-ExtraBold.ttf in Resources */,
				781EA0842C48150A00478463 /* Manrope-ExtraLight.ttf in Resources */,
				781EA0852C48150A00478463 /* Manrope-Light.ttf in Resources */,
				781EA0862C48150A00478463 /* Manrope-Medium.ttf in Resources */,
				781EA0872C48150A00478463 /* Manrope-Regular.ttf in Resources */,
				781EA0882C48150A00478463 /* Manrope-SemiBold.ttf in Resources */,
				781EA0812C48146F00478463 /* Localizable.xcstrings in Resources */,
				781EA0802C48144100478463 /* Preview Assets.xcassets in Resources */,
				781EA07E2C48142D00478463 /* Assets.xcassets in Resources */,
			);
			runOnlyForDeploymentPostprocessing = 0;
		};
		78EF0F5E2C0DEE9900B05BFB /* Resources */ = {
			isa = PBXResourcesBuildPhase;
			buildActionMask = 2147483647;
			files = (
			);
			runOnlyForDeploymentPostprocessing = 0;
		};
		78EF0F682C0DEE9900B05BFB /* Resources */ = {
			isa = PBXResourcesBuildPhase;
			buildActionMask = 2147483647;
			files = (
			);
			runOnlyForDeploymentPostprocessing = 0;
		};
/* End PBXResourcesBuildPhase section */

/* Begin PBXSourcesBuildPhase section */
		78EF0F4C2C0DEE9800B05BFB /* Sources */ = {
			isa = PBXSourcesBuildPhase;
			buildActionMask = 2147483647;
			files = (
				781C7AB12C36A9ED00D2A2FA /* SplashScreen.swift in Sources */,
				784492192C3EEA3F00C7F069 /* FRButton.swift in Sources */,
				781C7ABC2C3840A600D2A2FA /* DashboardView.swift in Sources */,
				788CE9502C4012BA00F93B07 /* FlightCard.swift in Sources */,
				780FDF642C3EA96B00007148 /* ViewTab.swift in Sources */,
				781C7ABF2C3BE69C00D2A2FA /* ViewStyling.swift in Sources */,
				781C7AAE2C36999B00D2A2FA /* UserState.swift in Sources */,
				788CE9522C401F3800F93B07 /* ErrorView.swift in Sources */,
				788CE94C2C40067700F93B07 /* TextIconView.swift in Sources */,
				781C7A952C32DE4300D2A2FA /* LoginView.swift in Sources */,
				780FDF6C2C3EBCB300007148 /* SearchView.swift in Sources */,
				788CE94A2C3FFD8600F93B07 /* TagView.swift in Sources */,
				78EF0F562C0DEE9800B05BFB /* ContentView.swift in Sources */,
				78EF0F542C0DEE9800B05BFB /* FlightRadarApp.swift in Sources */,
				788CE9482C3FFCBE00F93B07 /* TravelIndicatorView.swift in Sources */,
				780FDF692C3EBAF600007148 /* FlightsView.swift in Sources */,
				78DD2FFB2C3ECB2600583333 /* DropDownView.swift in Sources */,
				780FDF622C3EA66700007148 /* SettingsView.swift in Sources */,
				781C7AA52C354C5D00D2A2FA /* Payloads.swift in Sources */,
				78DD2FF92C3ECA7800583333 /* RoundedCornerView.swift in Sources */,
				781C7A972C32DE7E00D2A2FA /* RegistrationView.swift in Sources */,
				781C7AA92C35522600D2A2FA /* ApiService.swift in Sources */,
				788CE9462C3FF42D00F93B07 /* DoubleTextView.swift in Sources */,
				781C7AAB2C35926100D2A2FA /* Enums.swift in Sources */,
				788CE94E2C400AF800F93B07 /* FRDivider.swift in Sources */,
				781C7AB42C36BDFB00D2A2FA /* StringValidators.swift in Sources */,
				781C7AA72C354CA400D2A2FA /* Models.swift in Sources */,
			);
			runOnlyForDeploymentPostprocessing = 0;
		};
		78EF0F5C2C0DEE9900B05BFB /* Sources */ = {
			isa = PBXSourcesBuildPhase;
			buildActionMask = 2147483647;
			files = (
				78EF0F652C0DEE9900B05BFB /* FlightRadarTests.swift in Sources */,
			);
			runOnlyForDeploymentPostprocessing = 0;
		};
		78EF0F662C0DEE9900B05BFB /* Sources */ = {
			isa = PBXSourcesBuildPhase;
			buildActionMask = 2147483647;
			files = (
				78EF0F6F2C0DEE9900B05BFB /* FlightRadarUITests.swift in Sources */,
				78EF0F712C0DEE9900B05BFB /* FlightRadarUITestsLaunchTests.swift in Sources */,
			);
			runOnlyForDeploymentPostprocessing = 0;
		};
/* End PBXSourcesBuildPhase section */

/* Begin PBXTargetDependency section */
		78EF0F622C0DEE9900B05BFB /* PBXTargetDependency */ = {
			isa = PBXTargetDependency;
			target = 78EF0F4F2C0DEE9800B05BFB /* FlightRadar */;
			targetProxy = 78EF0F612C0DEE9900B05BFB /* PBXContainerItemProxy */;
		};
		78EF0F6C2C0DEE9900B05BFB /* PBXTargetDependency */ = {
			isa = PBXTargetDependency;
			target = 78EF0F4F2C0DEE9800B05BFB /* FlightRadar */;
			targetProxy = 78EF0F6B2C0DEE9900B05BFB /* PBXContainerItemProxy */;
		};
/* End PBXTargetDependency section */

/* Begin XCBuildConfiguration section */
		78EF0F722C0DEE9900B05BFB /* Debug */ = {
			isa = XCBuildConfiguration;
			buildSettings = {
				ALWAYS_SEARCH_USER_PATHS = NO;
				ASSETCATALOG_COMPILER_GENERATE_SWIFT_ASSET_SYMBOL_EXTENSIONS = YES;
				CLANG_ANALYZER_NONNULL = YES;
				CLANG_ANALYZER_NUMBER_OBJECT_CONVERSION = YES_AGGRESSIVE;
				CLANG_CXX_LANGUAGE_STANDARD = "gnu++20";
				CLANG_ENABLE_MODULES = YES;
				CLANG_ENABLE_OBJC_ARC = YES;
				CLANG_ENABLE_OBJC_WEAK = YES;
				CLANG_WARN_BLOCK_CAPTURE_AUTORELEASING = YES;
				CLANG_WARN_BOOL_CONVERSION = YES;
				CLANG_WARN_COMMA = YES;
				CLANG_WARN_CONSTANT_CONVERSION = YES;
				CLANG_WARN_DEPRECATED_OBJC_IMPLEMENTATIONS = YES;
				CLANG_WARN_DIRECT_OBJC_ISA_USAGE = YES_ERROR;
				CLANG_WARN_DOCUMENTATION_COMMENTS = YES;
				CLANG_WARN_EMPTY_BODY = YES;
				CLANG_WARN_ENUM_CONVERSION = YES;
				CLANG_WARN_INFINITE_RECURSION = YES;
				CLANG_WARN_INT_CONVERSION = YES;
				CLANG_WARN_NON_LITERAL_NULL_CONVERSION = YES;
				CLANG_WARN_OBJC_IMPLICIT_RETAIN_SELF = YES;
				CLANG_WARN_OBJC_LITERAL_CONVERSION = YES;
				CLANG_WARN_OBJC_ROOT_CLASS = YES_ERROR;
				CLANG_WARN_QUOTED_INCLUDE_IN_FRAMEWORK_HEADER = YES;
				CLANG_WARN_RANGE_LOOP_ANALYSIS = YES;
				CLANG_WARN_STRICT_PROTOTYPES = YES;
				CLANG_WARN_SUSPICIOUS_MOVE = YES;
				CLANG_WARN_UNGUARDED_AVAILABILITY = YES_AGGRESSIVE;
				CLANG_WARN_UNREACHABLE_CODE = YES;
				CLANG_WARN__DUPLICATE_METHOD_MATCH = YES;
				COPY_PHASE_STRIP = NO;
				DEBUG_INFORMATION_FORMAT = dwarf;
				ENABLE_STRICT_OBJC_MSGSEND = YES;
				ENABLE_TESTABILITY = YES;
				ENABLE_USER_SCRIPT_SANDBOXING = YES;
				GCC_C_LANGUAGE_STANDARD = gnu17;
				GCC_DYNAMIC_NO_PIC = NO;
				GCC_NO_COMMON_BLOCKS = YES;
				GCC_OPTIMIZATION_LEVEL = 0;
				GCC_PREPROCESSOR_DEFINITIONS = (
					"DEBUG=1",
					"$(inherited)",
				);
				GCC_WARN_64_TO_32_BIT_CONVERSION = YES;
				GCC_WARN_ABOUT_RETURN_TYPE = YES_ERROR;
				GCC_WARN_UNDECLARED_SELECTOR = YES;
				GCC_WARN_UNINITIALIZED_AUTOS = YES_AGGRESSIVE;
				GCC_WARN_UNUSED_FUNCTION = YES;
				GCC_WARN_UNUSED_VARIABLE = YES;
				IPHONEOS_DEPLOYMENT_TARGET = 17.5;
				LOCALIZATION_PREFERS_STRING_CATALOGS = YES;
				MTL_ENABLE_DEBUG_INFO = INCLUDE_SOURCE;
				MTL_FAST_MATH = YES;
				ONLY_ACTIVE_ARCH = YES;
				SDKROOT = iphoneos;
				SWIFT_ACTIVE_COMPILATION_CONDITIONS = "DEBUG $(inherited)";
				SWIFT_OPTIMIZATION_LEVEL = "-Onone";
			};
			name = Debug;
		};
		78EF0F732C0DEE9900B05BFB /* Release */ = {
			isa = XCBuildConfiguration;
			buildSettings = {
				ALWAYS_SEARCH_USER_PATHS = NO;
				ASSETCATALOG_COMPILER_GENERATE_SWIFT_ASSET_SYMBOL_EXTENSIONS = YES;
				CLANG_ANALYZER_NONNULL = YES;
				CLANG_ANALYZER_NUMBER_OBJECT_CONVERSION = YES_AGGRESSIVE;
				CLANG_CXX_LANGUAGE_STANDARD = "gnu++20";
				CLANG_ENABLE_MODULES = YES;
				CLANG_ENABLE_OBJC_ARC = YES;
				CLANG_ENABLE_OBJC_WEAK = YES;
				CLANG_WARN_BLOCK_CAPTURE_AUTORELEASING = YES;
				CLANG_WARN_BOOL_CONVERSION = YES;
				CLANG_WARN_COMMA = YES;
				CLANG_WARN_CONSTANT_CONVERSION = YES;
				CLANG_WARN_DEPRECATED_OBJC_IMPLEMENTATIONS = YES;
				CLANG_WARN_DIRECT_OBJC_ISA_USAGE = YES_ERROR;
				CLANG_WARN_DOCUMENTATION_COMMENTS = YES;
				CLANG_WARN_EMPTY_BODY = YES;
				CLANG_WARN_ENUM_CONVERSION = YES;
				CLANG_WARN_INFINITE_RECURSION = YES;
				CLANG_WARN_INT_CONVERSION = YES;
				CLANG_WARN_NON_LITERAL_NULL_CONVERSION = YES;
				CLANG_WARN_OBJC_IMPLICIT_RETAIN_SELF = YES;
				CLANG_WARN_OBJC_LITERAL_CONVERSION = YES;
				CLANG_WARN_OBJC_ROOT_CLASS = YES_ERROR;
				CLANG_WARN_QUOTED_INCLUDE_IN_FRAMEWORK_HEADER = YES;
				CLANG_WARN_RANGE_LOOP_ANALYSIS = YES;
				CLANG_WARN_STRICT_PROTOTYPES = YES;
				CLANG_WARN_SUSPICIOUS_MOVE = YES;
				CLANG_WARN_UNGUARDED_AVAILABILITY = YES_AGGRESSIVE;
				CLANG_WARN_UNREACHABLE_CODE = YES;
				CLANG_WARN__DUPLICATE_METHOD_MATCH = YES;
				COPY_PHASE_STRIP = NO;
				DEBUG_INFORMATION_FORMAT = "dwarf-with-dsym";
				ENABLE_NS_ASSERTIONS = NO;
				ENABLE_STRICT_OBJC_MSGSEND = YES;
				ENABLE_USER_SCRIPT_SANDBOXING = YES;
				GCC_C_LANGUAGE_STANDARD = gnu17;
				GCC_NO_COMMON_BLOCKS = YES;
				GCC_WARN_64_TO_32_BIT_CONVERSION = YES;
				GCC_WARN_ABOUT_RETURN_TYPE = YES_ERROR;
				GCC_WARN_UNDECLARED_SELECTOR = YES;
				GCC_WARN_UNINITIALIZED_AUTOS = YES_AGGRESSIVE;
				GCC_WARN_UNUSED_FUNCTION = YES;
				GCC_WARN_UNUSED_VARIABLE = YES;
				IPHONEOS_DEPLOYMENT_TARGET = 17.5;
				LOCALIZATION_PREFERS_STRING_CATALOGS = YES;
				MTL_ENABLE_DEBUG_INFO = NO;
				MTL_FAST_MATH = YES;
				SDKROOT = iphoneos;
				SWIFT_COMPILATION_MODE = wholemodule;
				VALIDATE_PRODUCT = YES;
			};
			name = Release;
		};
		78EF0F752C0DEE9900B05BFB /* Debug */ = {
			isa = XCBuildConfiguration;
			buildSettings = {
				ASSETCATALOG_COMPILER_APPICON_NAME = AppIcon;
				ASSETCATALOG_COMPILER_GLOBAL_ACCENT_COLOR_NAME = AccentColor;
				CODE_SIGN_STYLE = Automatic;
				CURRENT_PROJECT_VERSION = 1.0.0;
				DEVELOPMENT_ASSET_PATHS = "\"FlightRadar/Preview Content\"";
				ENABLE_PREVIEWS = YES;
				GENERATE_INFOPLIST_FILE = YES;
				INFOPLIST_FILE = FlightRadar/Info.plist;
				INFOPLIST_KEY_CFBundleDisplayName = "Flight radar";
				INFOPLIST_KEY_LSApplicationCategoryType = "public.app-category.travel";
				INFOPLIST_KEY_UIApplicationSceneManifest_Generation = YES;
				INFOPLIST_KEY_UIApplicationSupportsIndirectInputEvents = YES;
				INFOPLIST_KEY_UILaunchScreen_Generation = YES;
				INFOPLIST_KEY_UISupportedInterfaceOrientations_iPad = "UIInterfaceOrientationPortrait UIInterfaceOrientationPortraitUpsideDown UIInterfaceOrientationLandscapeLeft UIInterfaceOrientationLandscapeRight";
				INFOPLIST_KEY_UISupportedInterfaceOrientations_iPhone = "UIInterfaceOrientationPortrait UIInterfaceOrientationLandscapeLeft UIInterfaceOrientationLandscapeRight";
				IPHONEOS_DEPLOYMENT_TARGET = 15.0;
				LD_RUNPATH_SEARCH_PATHS = (
					"$(inherited)",
					"@executable_path/Frameworks",
				);
				MARKETING_VERSION = 1.0.0;
				PRODUCT_BUNDLE_IDENTIFIER = com.flightradar.FlightRadar;
				PRODUCT_NAME = "$(TARGET_NAME)";
				SUPPORTED_PLATFORMS = "iphoneos iphonesimulator";
				SUPPORTS_MACCATALYST = NO;
				SUPPORTS_MAC_DESIGNED_FOR_IPHONE_IPAD = YES;
				SUPPORTS_XR_DESIGNED_FOR_IPHONE_IPAD = YES;
				SWIFT_EMIT_LOC_STRINGS = YES;
				SWIFT_VERSION = 5.0;
				TARGETED_DEVICE_FAMILY = "1,2";
			};
			name = Debug;
		};
		78EF0F762C0DEE9900B05BFB /* Release */ = {
			isa = XCBuildConfiguration;
			buildSettings = {
				ASSETCATALOG_COMPILER_APPICON_NAME = AppIcon;
				ASSETCATALOG_COMPILER_GLOBAL_ACCENT_COLOR_NAME = AccentColor;
				CODE_SIGN_STYLE = Automatic;
				CURRENT_PROJECT_VERSION = 1.0.0;
				DEVELOPMENT_ASSET_PATHS = "\"FlightRadar/Preview Content\"";
				ENABLE_PREVIEWS = YES;
				GENERATE_INFOPLIST_FILE = YES;
				INFOPLIST_FILE = FlightRadar/Info.plist;
				INFOPLIST_KEY_CFBundleDisplayName = "Flight radar";
				INFOPLIST_KEY_LSApplicationCategoryType = "public.app-category.travel";
				INFOPLIST_KEY_UIApplicationSceneManifest_Generation = YES;
				INFOPLIST_KEY_UIApplicationSupportsIndirectInputEvents = YES;
				INFOPLIST_KEY_UILaunchScreen_Generation = YES;
				INFOPLIST_KEY_UISupportedInterfaceOrientations_iPad = "UIInterfaceOrientationPortrait UIInterfaceOrientationPortraitUpsideDown UIInterfaceOrientationLandscapeLeft UIInterfaceOrientationLandscapeRight";
				INFOPLIST_KEY_UISupportedInterfaceOrientations_iPhone = "UIInterfaceOrientationPortrait UIInterfaceOrientationLandscapeLeft UIInterfaceOrientationLandscapeRight";
				IPHONEOS_DEPLOYMENT_TARGET = 15.0;
				LD_RUNPATH_SEARCH_PATHS = (
					"$(inherited)",
					"@executable_path/Frameworks",
				);
				MARKETING_VERSION = 1.0.0;
				PRODUCT_BUNDLE_IDENTIFIER = com.flightradar.FlightRadar;
				PRODUCT_NAME = "$(TARGET_NAME)";
				SUPPORTED_PLATFORMS = "iphoneos iphonesimulator";
				SUPPORTS_MACCATALYST = NO;
				SUPPORTS_MAC_DESIGNED_FOR_IPHONE_IPAD = YES;
				SUPPORTS_XR_DESIGNED_FOR_IPHONE_IPAD = YES;
				SWIFT_EMIT_LOC_STRINGS = YES;
				SWIFT_VERSION = 5.0;
				TARGETED_DEVICE_FAMILY = "1,2";
			};
			name = Release;
		};
		78EF0F782C0DEE9900B05BFB /* Debug */ = {
			isa = XCBuildConfiguration;
			buildSettings = {
				ALWAYS_EMBED_SWIFT_STANDARD_LIBRARIES = YES;
				BUNDLE_LOADER = "$(TEST_HOST)";
				CODE_SIGN_STYLE = Automatic;
				CURRENT_PROJECT_VERSION = 1.0.0;
				GENERATE_INFOPLIST_FILE = YES;
				IPHONEOS_DEPLOYMENT_TARGET = 17.5;
				MARKETING_VERSION = 1.0;
				PRODUCT_BUNDLE_IDENTIFIER = com.flightradar.FlightRadarTests;
				PRODUCT_NAME = "$(TARGET_NAME)";
				SWIFT_EMIT_LOC_STRINGS = NO;
				SWIFT_VERSION = 5.0;
				TARGETED_DEVICE_FAMILY = "1,2";
				TEST_HOST = "$(BUILT_PRODUCTS_DIR)/FlightRadar.app/$(BUNDLE_EXECUTABLE_FOLDER_PATH)/FlightRadar";
			};
			name = Debug;
		};
		78EF0F792C0DEE9900B05BFB /* Release */ = {
			isa = XCBuildConfiguration;
			buildSettings = {
				ALWAYS_EMBED_SWIFT_STANDARD_LIBRARIES = YES;
				BUNDLE_LOADER = "$(TEST_HOST)";
				CODE_SIGN_STYLE = Automatic;
				CURRENT_PROJECT_VERSION = 1.0.0;
				GENERATE_INFOPLIST_FILE = YES;
				IPHONEOS_DEPLOYMENT_TARGET = 17.5;
				MARKETING_VERSION = 1.0;
				PRODUCT_BUNDLE_IDENTIFIER = com.flightradar.FlightRadarTests;
				PRODUCT_NAME = "$(TARGET_NAME)";
				SWIFT_EMIT_LOC_STRINGS = NO;
				SWIFT_VERSION = 5.0;
				TARGETED_DEVICE_FAMILY = "1,2";
				TEST_HOST = "$(BUILT_PRODUCTS_DIR)/FlightRadar.app/$(BUNDLE_EXECUTABLE_FOLDER_PATH)/FlightRadar";
			};
			name = Release;
		};
		78EF0F7B2C0DEE9900B05BFB /* Debug */ = {
			isa = XCBuildConfiguration;
			buildSettings = {
				ALWAYS_EMBED_SWIFT_STANDARD_LIBRARIES = YES;
				CODE_SIGN_STYLE = Automatic;
				CURRENT_PROJECT_VERSION = 1.0.0;
				GENERATE_INFOPLIST_FILE = YES;
				MARKETING_VERSION = 1.0;
				PRODUCT_BUNDLE_IDENTIFIER = com.flightradar.FlightRadarUITests;
				PRODUCT_NAME = "$(TARGET_NAME)";
				SWIFT_EMIT_LOC_STRINGS = NO;
				SWIFT_VERSION = 5.0;
				TARGETED_DEVICE_FAMILY = "1,2";
				TEST_TARGET_NAME = FlightRadar;
			};
			name = Debug;
		};
		78EF0F7C2C0DEE9900B05BFB /* Release */ = {
			isa = XCBuildConfiguration;
			buildSettings = {
				ALWAYS_EMBED_SWIFT_STANDARD_LIBRARIES = YES;
				CODE_SIGN_STYLE = Automatic;
				CURRENT_PROJECT_VERSION = 1.0.0;
				GENERATE_INFOPLIST_FILE = YES;
				MARKETING_VERSION = 1.0;
				PRODUCT_BUNDLE_IDENTIFIER = com.flightradar.FlightRadarUITests;
				PRODUCT_NAME = "$(TARGET_NAME)";
				SWIFT_EMIT_LOC_STRINGS = NO;
				SWIFT_VERSION = 5.0;
				TARGETED_DEVICE_FAMILY = "1,2";
				TEST_TARGET_NAME = FlightRadar;
			};
			name = Release;
		};
/* End XCBuildConfiguration section */

/* Begin XCConfigurationList section */
		78EF0F4B2C0DEE9800B05BFB /* Build configuration list for PBXProject "FlightRadar" */ = {
			isa = XCConfigurationList;
			buildConfigurations = (
				78EF0F722C0DEE9900B05BFB /* Debug */,
				78EF0F732C0DEE9900B05BFB /* Release */,
			);
			defaultConfigurationIsVisible = 0;
			defaultConfigurationName = Debug;
		};
		78EF0F742C0DEE9900B05BFB /* Build configuration list for PBXNativeTarget "FlightRadar" */ = {
			isa = XCConfigurationList;
			buildConfigurations = (
				78EF0F752C0DEE9900B05BFB /* Debug */,
				78EF0F762C0DEE9900B05BFB /* Release */,
			);
			defaultConfigurationIsVisible = 0;
			defaultConfigurationName = Debug;
		};
		78EF0F772C0DEE9900B05BFB /* Build configuration list for PBXNativeTarget "FlightRadarTests" */ = {
			isa = XCConfigurationList;
			buildConfigurations = (
				78EF0F782C0DEE9900B05BFB /* Debug */,
				78EF0F792C0DEE9900B05BFB /* Release */,
			);
			defaultConfigurationIsVisible = 0;
			defaultConfigurationName = Debug;
		};
		78EF0F7A2C0DEE9900B05BFB /* Build configuration list for PBXNativeTarget "FlightRadarUITests" */ = {
			isa = XCConfigurationList;
			buildConfigurations = (
				78EF0F7B2C0DEE9900B05BFB /* Debug */,
				78EF0F7C2C0DEE9900B05BFB /* Release */,
			);
			defaultConfigurationIsVisible = 0;
			defaultConfigurationName = Debug;
		};
/* End XCConfigurationList section */

/* Begin XCRemoteSwiftPackageReference section */
		781C7AB72C383C3900D2A2FA /* XCRemoteSwiftPackageReference "keychain-swift" */ = {
			isa = XCRemoteSwiftPackageReference;
			repositoryURL = "https://github.com/evgenyneu/keychain-swift.git";
			requirement = {
				kind = exactVersion;
				version = 24.0.0;
			};
		};
/* End XCRemoteSwiftPackageReference section */

/* Begin XCSwiftPackageProductDependency section */
		78E33A692C466F3C00150F48 /* KeychainSwift */ = {
			isa = XCSwiftPackageProductDependency;
			package = 781C7AB72C383C3900D2A2FA /* XCRemoteSwiftPackageReference "keychain-swift" */;
			productName = KeychainSwift;
		};
/* End XCSwiftPackageProductDependency section */
	};
	rootObject = 78EF0F482C0DEE9800B05BFB /* Project object */;
}
